
Microsoft Visual Studio Solution File, Format Version 12.00
# Visual Studio Version 16
VisualStudioVersion = 16.0.30717.126
MinimumVisualStudioVersion = 10.0.40219.1
Project("{FAE04EC0-301F-11D3-BF4B-00C04F79EFBC}") = "WarOfRightsWeb", "WarOfRightsWeb.csproj", "{F80876B4-AE88-457D-850C-C4878F4028BD}"
EndProject
Global
	GlobalSection(SolutionConfigurationPlatforms) = preSolution
		Debug|Any CPU = Debug|Any CPU
		Release|Any CPU = Release|Any CPU
	EndGlobalSection
	GlobalSection(ProjectConfigurationPlatforms) = postSolution
		{F80876B4-AE88-457D-850C-C4878F4028BD}.Debug|Any CPU.ActiveCfg = Debug|Any CPU
		{F80876B4-AE88-457D-850C-C4878F4028BD}.Debug|Any CPU.Build.0 = Debug|Any CPU
		{F80876B4-AE88-457D-850C-C4878F4028BD}.Release|Any CPU.ActiveCfg = Release|Any CPU
		{F80876B4-AE88-457D-850C-C4878F4028BD}.Release|Any CPU.Build.0 = Release|Any CPU
	EndGlobalSection
	GlobalSection(SolutionProperties) = preSolution
		HideSolutionNode = FALSE
	EndGlobalSection
	GlobalSection(ExtensibilityGlobals) = postSolution
		SolutionGuid = {9F18C0C3-106E-4BBD-B3AD-8FFFDA08437B}
	EndGlobalSection
EndGlobal
